// !$*UTF8*$!
{
	archiveVersion = 1;
	classes = {
	};
	objectVersion = 51;
	objects = {

/* Begin PBXBuildFile section */
		2E721F0523C023B9B9351CE0 /* Pods_PetAdoption.framework in Frameworks */ = {isa = PBXBuildFile; fileRef = E302403B879AB37660643957 /* Pods_PetAdoption.framework */; };
		ED0708F524C20CBB005AD1BB /* SessionStore.swift in Sources */ = {isa = PBXBuildFile; fileRef = ED0708F424C20CBB005AD1BB /* SessionStore.swift */; };
		ED0708F724C20F76005AD1BB /* LoginScreen.swift in Sources */ = {isa = PBXBuildFile; fileRef = ED0708F624C20F76005AD1BB /* LoginScreen.swift */; };
		ED3B871824C5E9E1008479F8 /* SignUpView.swift in Sources */ = {isa = PBXBuildFile; fileRef = ED3B871724C5E9E1008479F8 /* SignUpView.swift */; };
		ED3B871A24C5EA08008479F8 /* VerifyEmailView.swift in Sources */ = {isa = PBXBuildFile; fileRef = ED3B871924C5EA08008479F8 /* VerifyEmailView.swift */; };
		ED3B871C24C5EA3B008479F8 /* SignInView.swift in Sources */ = {isa = PBXBuildFile; fileRef = ED3B871B24C5EA3B008479F8 /* SignInView.swift */; };
		ED44E24524A265F900B77D3D /* BarButtons.swift in Sources */ = {isa = PBXBuildFile; fileRef = ED44E24424A265F900B77D3D /* BarButtons.swift */; };
		ED49A37B2476DBEF00A87257 /* Card.swift in Sources */ = {isa = PBXBuildFile; fileRef = ED49A37A2476DBEF00A87257 /* Card.swift */; };
		ED4CB75424C5DDFF00BF20B2 /* UIApplication.swift in Sources */ = {isa = PBXBuildFile; fileRef = ED4CB75324C5DDFF00BF20B2 /* UIApplication.swift */; };
		ED5A628024770AF70081DF00 /* MainVM.swift in Sources */ = {isa = PBXBuildFile; fileRef = ED5A627F24770AF70081DF00 /* MainVM.swift */; };
		ED5BAEA424CB62F100536E7B /* ErrorTranslater.swift in Sources */ = {isa = PBXBuildFile; fileRef = ED5BAEA324CB62F100536E7B /* ErrorTranslater.swift */; };
		ED781B1D24BF34380045F1DE /* Settings.swift in Sources */ = {isa = PBXBuildFile; fileRef = ED781B1C24BF34380045F1DE /* Settings.swift */; };
		ED781B2024C025080045F1DE /* CheckboxField.swift in Sources */ = {isa = PBXBuildFile; fileRef = ED781B1F24C025080045F1DE /* CheckboxField.swift */; };
		ED825A382478185C00ACA8E6 /* Dog.swift in Sources */ = {isa = PBXBuildFile; fileRef = ED825A372478185C00ACA8E6 /* Dog.swift */; };
		ED84EC5424B09F8000E25B2F /* LocalDB.swift in Sources */ = {isa = PBXBuildFile; fileRef = ED84EC5324B09F8000E25B2F /* LocalDB.swift */; };
		ED84EC5624B0A79900E25B2F /* SavedDogsVM.swift in Sources */ = {isa = PBXBuildFile; fileRef = ED84EC5524B0A79900E25B2F /* SavedDogsVM.swift */; };
		ED84EC5824B0B26A00E25B2F /* SavedCard.swift in Sources */ = {isa = PBXBuildFile; fileRef = ED84EC5724B0B26A00E25B2F /* SavedCard.swift */; };
		ED8B167224994BB300AF7B33 /* Color.swift in Sources */ = {isa = PBXBuildFile; fileRef = ED8B167124994BB300AF7B33 /* Color.swift */; };
		ED8B167424994BF000AF7B33 /* LinearGradient.swift in Sources */ = {isa = PBXBuildFile; fileRef = ED8B167324994BF000AF7B33 /* LinearGradient.swift */; };
		ED8B167624994C7100AF7B33 /* CircleButtonStyle.swift in Sources */ = {isa = PBXBuildFile; fileRef = ED8B167524994C7100AF7B33 /* CircleButtonStyle.swift */; };
		ED95BCEB24B7690000C88716 /* SettingsView.swift in Sources */ = {isa = PBXBuildFile; fileRef = ED95BCEA24B7690000C88716 /* SettingsView.swift */; };
		EDD53A042483B856004EB14F /* URLSession.swift in Sources */ = {isa = PBXBuildFile; fileRef = EDD53A032483B856004EB14F /* URLSession.swift */; };
		EDD53A062483B88D004EB14F /* Array.swift in Sources */ = {isa = PBXBuildFile; fileRef = EDD53A052483B88D004EB14F /* Array.swift */; };
		EDDB49E1247708250068026C /* ImageLoader.swift in Sources */ = {isa = PBXBuildFile; fileRef = EDDB49E0247708250068026C /* ImageLoader.swift */; };
		EDF4CB0E24A71FF900060F37 /* SavedDogsScreen.swift in Sources */ = {isa = PBXBuildFile; fileRef = EDF4CB0D24A71FF900060F37 /* SavedDogsScreen.swift */; };
		EDF52F2224817CF200EF5070 /* GoogleService-Info.plist in Resources */ = {isa = PBXBuildFile; fileRef = EDF52F2124817CF200EF5070 /* GoogleService-Info.plist */; };
		EDF777D524684EB100154110 /* AppDelegate.swift in Sources */ = {isa = PBXBuildFile; fileRef = EDF777D424684EB100154110 /* AppDelegate.swift */; };
		EDF777D724684EB100154110 /* SceneDelegate.swift in Sources */ = {isa = PBXBuildFile; fileRef = EDF777D624684EB100154110 /* SceneDelegate.swift */; };
		EDF777D924684EB100154110 /* MainScreen.swift in Sources */ = {isa = PBXBuildFile; fileRef = EDF777D824684EB100154110 /* MainScreen.swift */; };
		EDF777DB24684EB400154110 /* Assets.xcassets in Resources */ = {isa = PBXBuildFile; fileRef = EDF777DA24684EB400154110 /* Assets.xcassets */; };
		EDF777DE24684EB400154110 /* Preview Assets.xcassets in Resources */ = {isa = PBXBuildFile; fileRef = EDF777DD24684EB400154110 /* Preview Assets.xcassets */; };
		EDF777E124684EB400154110 /* LaunchScreen.storyboard in Resources */ = {isa = PBXBuildFile; fileRef = EDF777DF24684EB400154110 /* LaunchScreen.storyboard */; };
		EDF94DED247E3C2E0094F5B6 /* BackCard.swift in Sources */ = {isa = PBXBuildFile; fileRef = EDF94DEC247E3C2E0094F5B6 /* BackCard.swift */; };
		EDFF409024A658CA0008F3E5 /* HostingController.swift in Sources */ = {isa = PBXBuildFile; fileRef = EDFF408F24A658CA0008F3E5 /* HostingController.swift */; };
		EDFF76C724C3679600BD256B /* PostNewDog.swift in Sources */ = {isa = PBXBuildFile; fileRef = EDFF76C624C3679600BD256B /* PostNewDog.swift */; };
/* End PBXBuildFile section */

/* Begin PBXFileReference section */
		67FB5269D49CC4303E90B581 /* Pods-PetAdoption.debug.xcconfig */ = {isa = PBXFileReference; includeInIndex = 1; lastKnownFileType = text.xcconfig; name = "Pods-PetAdoption.debug.xcconfig"; path = "Target Support Files/Pods-PetAdoption/Pods-PetAdoption.debug.xcconfig"; sourceTree = "<group>"; };
		E302403B879AB37660643957 /* Pods_PetAdoption.framework */ = {isa = PBXFileReference; explicitFileType = wrapper.framework; includeInIndex = 0; path = Pods_PetAdoption.framework; sourceTree = BUILT_PRODUCTS_DIR; };
		EBA9FDD9453FF6AA2833B046 /* Pods-PetAdoption.release.xcconfig */ = {isa = PBXFileReference; includeInIndex = 1; lastKnownFileType = text.xcconfig; name = "Pods-PetAdoption.release.xcconfig"; path = "Target Support Files/Pods-PetAdoption/Pods-PetAdoption.release.xcconfig"; sourceTree = "<group>"; };
		ED0708F424C20CBB005AD1BB /* SessionStore.swift */ = {isa = PBXFileReference; lastKnownFileType = sourcecode.swift; path = SessionStore.swift; sourceTree = "<group>"; };
		ED0708F624C20F76005AD1BB /* LoginScreen.swift */ = {isa = PBXFileReference; lastKnownFileType = sourcecode.swift; path = LoginScreen.swift; sourceTree = "<group>"; };
		ED3B871724C5E9E1008479F8 /* SignUpView.swift */ = {isa = PBXFileReference; lastKnownFileType = sourcecode.swift; path = SignUpView.swift; sourceTree = "<group>"; };
		ED3B871924C5EA08008479F8 /* VerifyEmailView.swift */ = {isa = PBXFileReference; lastKnownFileType = sourcecode.swift; path = VerifyEmailView.swift; sourceTree = "<group>"; };
		ED3B871B24C5EA3B008479F8 /* SignInView.swift */ = {isa = PBXFileReference; lastKnownFileType = sourcecode.swift; path = SignInView.swift; sourceTree = "<group>"; };
		ED44E24424A265F900B77D3D /* BarButtons.swift */ = {isa = PBXFileReference; lastKnownFileType = sourcecode.swift; path = BarButtons.swift; sourceTree = "<group>"; };
		ED49A37A2476DBEF00A87257 /* Card.swift */ = {isa = PBXFileReference; lastKnownFileType = sourcecode.swift; path = Card.swift; sourceTree = "<group>"; };
		ED4CB75324C5DDFF00BF20B2 /* UIApplication.swift */ = {isa = PBXFileReference; lastKnownFileType = sourcecode.swift; path = UIApplication.swift; sourceTree = "<group>"; };
		ED5A627F24770AF70081DF00 /* MainVM.swift */ = {isa = PBXFileReference; lastKnownFileType = sourcecode.swift; path = MainVM.swift; sourceTree = "<group>"; };
		ED5BAEA324CB62F100536E7B /* ErrorTranslater.swift */ = {isa = PBXFileReference; lastKnownFileType = sourcecode.swift; path = ErrorTranslater.swift; sourceTree = "<group>"; };
		ED781B1C24BF34380045F1DE /* Settings.swift */ = {isa = PBXFileReference; lastKnownFileType = sourcecode.swift; path = Settings.swift; sourceTree = "<group>"; };
		ED781B1F24C025080045F1DE /* CheckboxField.swift */ = {isa = PBXFileReference; lastKnownFileType = sourcecode.swift; path = CheckboxField.swift; sourceTree = "<group>"; };
		ED825A372478185C00ACA8E6 /* Dog.swift */ = {isa = PBXFileReference; lastKnownFileType = sourcecode.swift; path = Dog.swift; sourceTree = "<group>"; };
		ED84EC5324B09F8000E25B2F /* LocalDB.swift */ = {isa = PBXFileReference; lastKnownFileType = sourcecode.swift; path = LocalDB.swift; sourceTree = "<group>"; };
		ED84EC5524B0A79900E25B2F /* SavedDogsVM.swift */ = {isa = PBXFileReference; lastKnownFileType = sourcecode.swift; path = SavedDogsVM.swift; sourceTree = "<group>"; };
		ED84EC5724B0B26A00E25B2F /* SavedCard.swift */ = {isa = PBXFileReference; lastKnownFileType = sourcecode.swift; path = SavedCard.swift; sourceTree = "<group>"; };
		ED8B167124994BB300AF7B33 /* Color.swift */ = {isa = PBXFileReference; lastKnownFileType = sourcecode.swift; path = Color.swift; sourceTree = "<group>"; };
		ED8B167324994BF000AF7B33 /* LinearGradient.swift */ = {isa = PBXFileReference; lastKnownFileType = sourcecode.swift; path = LinearGradient.swift; sourceTree = "<group>"; };
		ED8B167524994C7100AF7B33 /* CircleButtonStyle.swift */ = {isa = PBXFileReference; lastKnownFileType = sourcecode.swift; path = CircleButtonStyle.swift; sourceTree = "<group>"; };
		ED95BCEA24B7690000C88716 /* SettingsView.swift */ = {isa = PBXFileReference; lastKnownFileType = sourcecode.swift; path = SettingsView.swift; sourceTree = "<group>"; };
		EDD53A032483B856004EB14F /* URLSession.swift */ = {isa = PBXFileReference; lastKnownFileType = sourcecode.swift; path = URLSession.swift; sourceTree = "<group>"; };
		EDD53A052483B88D004EB14F /* Array.swift */ = {isa = PBXFileReference; lastKnownFileType = sourcecode.swift; path = Array.swift; sourceTree = "<group>"; };
		EDDB49E0247708250068026C /* ImageLoader.swift */ = {isa = PBXFileReference; lastKnownFileType = sourcecode.swift; path = ImageLoader.swift; sourceTree = "<group>"; };
		EDF4CB0D24A71FF900060F37 /* SavedDogsScreen.swift */ = {isa = PBXFileReference; lastKnownFileType = sourcecode.swift; path = SavedDogsScreen.swift; sourceTree = "<group>"; };
		EDF52F2124817CF200EF5070 /* GoogleService-Info.plist */ = {isa = PBXFileReference; fileEncoding = 4; lastKnownFileType = text.plist.xml; path = "GoogleService-Info.plist"; sourceTree = "<group>"; };
		EDF777D124684EB100154110 /* PetAdoption.app */ = {isa = PBXFileReference; explicitFileType = wrapper.application; includeInIndex = 0; path = PetAdoption.app; sourceTree = BUILT_PRODUCTS_DIR; };
		EDF777D424684EB100154110 /* AppDelegate.swift */ = {isa = PBXFileReference; lastKnownFileType = sourcecode.swift; path = AppDelegate.swift; sourceTree = "<group>"; };
		EDF777D624684EB100154110 /* SceneDelegate.swift */ = {isa = PBXFileReference; lastKnownFileType = sourcecode.swift; path = SceneDelegate.swift; sourceTree = "<group>"; };
		EDF777D824684EB100154110 /* MainScreen.swift */ = {isa = PBXFileReference; lastKnownFileType = sourcecode.swift; path = MainScreen.swift; sourceTree = "<group>"; };
		EDF777DA24684EB400154110 /* Assets.xcassets */ = {isa = PBXFileReference; lastKnownFileType = folder.assetcatalog; path = Assets.xcassets; sourceTree = "<group>"; };
		EDF777DD24684EB400154110 /* Preview Assets.xcassets */ = {isa = PBXFileReference; lastKnownFileType = folder.assetcatalog; path = "Preview Assets.xcassets"; sourceTree = "<group>"; };
		EDF777E024684EB400154110 /* Base */ = {isa = PBXFileReference; lastKnownFileType = file.storyboard; name = Base; path = Base.lproj/LaunchScreen.storyboard; sourceTree = "<group>"; };
		EDF777E224684EB400154110 /* Info.plist */ = {isa = PBXFileReference; lastKnownFileType = text.plist.xml; path = Info.plist; sourceTree = "<group>"; };
		EDF94DEC247E3C2E0094F5B6 /* BackCard.swift */ = {isa = PBXFileReference; lastKnownFileType = sourcecode.swift; path = BackCard.swift; sourceTree = "<group>"; };
		EDFF408F24A658CA0008F3E5 /* HostingController.swift */ = {isa = PBXFileReference; lastKnownFileType = sourcecode.swift; path = HostingController.swift; sourceTree = "<group>"; };
		EDFF76C624C3679600BD256B /* PostNewDog.swift */ = {isa = PBXFileReference; lastKnownFileType = sourcecode.swift; path = PostNewDog.swift; sourceTree = "<group>"; };
/* End PBXFileReference section */

/* Begin PBXFrameworksBuildPhase section */
		EDF777CE24684EB100154110 /* Frameworks */ = {
			isa = PBXFrameworksBuildPhase;
			buildActionMask = 2147483647;
			files = (
				2E721F0523C023B9B9351CE0 /* Pods_PetAdoption.framework in Frameworks */,
			);
			runOnlyForDeploymentPostprocessing = 0;
		};
/* End PBXFrameworksBuildPhase section */

/* Begin PBXGroup section */
		1F0670B2ED01BD105089E031 /* Pods */ = {
			isa = PBXGroup;
			children = (
				67FB5269D49CC4303E90B581 /* Pods-PetAdoption.debug.xcconfig */,
				EBA9FDD9453FF6AA2833B046 /* Pods-PetAdoption.release.xcconfig */,
			);
			path = Pods;
			sourceTree = "<group>";
		};
		939A204E932662A24F8CB57D /* Frameworks */ = {
			isa = PBXGroup;
			children = (
				E302403B879AB37660643957 /* Pods_PetAdoption.framework */,
			);
			name = Frameworks;
			sourceTree = "<group>";
		};
		ED3B871624C5E9B5008479F8 /* Authentication Views */ = {
			isa = PBXGroup;
			children = (
				ED3B871724C5E9E1008479F8 /* SignUpView.swift */,
				ED3B871924C5EA08008479F8 /* VerifyEmailView.swift */,
				ED3B871B24C5EA3B008479F8 /* SignInView.swift */,
			);
			path = "Authentication Views";
			sourceTree = "<group>";
		};
		ED49A3752476DB6C00A87257 /* View */ = {
			isa = PBXGroup;
			children = (
				ED3B871624C5E9B5008479F8 /* Authentication Views */,
				ED781B1E24C024E40045F1DE /* Minor Views */,
				EDF777D824684EB100154110 /* MainScreen.swift */,
				ED49A37A2476DBEF00A87257 /* Card.swift */,
				EDF94DEC247E3C2E0094F5B6 /* BackCard.swift */,
				EDF4CB0D24A71FF900060F37 /* SavedDogsScreen.swift */,
				ED84EC5724B0B26A00E25B2F /* SavedCard.swift */,
				ED95BCEA24B7690000C88716 /* SettingsView.swift */,
				ED0708F624C20F76005AD1BB /* LoginScreen.swift */,
				EDFF76C624C3679600BD256B /* PostNewDog.swift */,
			);
			path = View;
			sourceTree = "<group>";
		};
		ED49A3762476DB7100A87257 /* View Model */ = {
			isa = PBXGroup;
			children = (
				ED84EC5524B0A79900E25B2F /* SavedDogsVM.swift */,
				ED5A627F24770AF70081DF00 /* MainVM.swift */,
			);
			path = "View Model";
			sourceTree = "<group>";
		};
		ED49A3772476DB7900A87257 /* Model */ = {
			isa = PBXGroup;
			children = (
				EDDB49E0247708250068026C /* ImageLoader.swift */,
				ED825A372478185C00ACA8E6 /* Dog.swift */,
				ED84EC5324B09F8000E25B2F /* LocalDB.swift */,
				ED781B1C24BF34380045F1DE /* Settings.swift */,
				ED0708F424C20CBB005AD1BB /* SessionStore.swift */,
				ED5BAEA324CB62F100536E7B /* ErrorTranslater.swift */,
			);
			path = Model;
			sourceTree = "<group>";
		};
		ED781B1E24C024E40045F1DE /* Minor Views */ = {
			isa = PBXGroup;
			children = (
				ED8B167524994C7100AF7B33 /* CircleButtonStyle.swift */,
				ED44E24424A265F900B77D3D /* BarButtons.swift */,
				ED781B1F24C025080045F1DE /* CheckboxField.swift */,
			);
			path = "Minor Views";
			sourceTree = "<group>";
		};
		EDD53A022483B805004EB14F /* Extensions */ = {
			isa = PBXGroup;
			children = (
				EDD53A032483B856004EB14F /* URLSession.swift */,
				EDD53A052483B88D004EB14F /* Array.swift */,
				ED8B167124994BB300AF7B33 /* Color.swift */,
				ED8B167324994BF000AF7B33 /* LinearGradient.swift */,
				ED4CB75324C5DDFF00BF20B2 /* UIApplication.swift */,
			);
			path = Extensions;
			sourceTree = "<group>";
		};
		EDF777C824684EB100154110 = {
			isa = PBXGroup;
			children = (
				EDF777D324684EB100154110 /* PetAdoption */,
				EDF777D224684EB100154110 /* Products */,
				1F0670B2ED01BD105089E031 /* Pods */,
				939A204E932662A24F8CB57D /* Frameworks */,
			);
			sourceTree = "<group>";
		};
		EDF777D224684EB100154110 /* Products */ = {
			isa = PBXGroup;
			children = (
				EDF777D124684EB100154110 /* PetAdoption.app */,
			);
			name = Products;
			sourceTree = "<group>";
		};
		EDF777D324684EB100154110 /* PetAdoption */ = {
			isa = PBXGroup;
			children = (
				ED49A3772476DB7900A87257 /* Model */,
				ED49A3762476DB7100A87257 /* View Model */,
				ED49A3752476DB6C00A87257 /* View */,
				EDF777D424684EB100154110 /* AppDelegate.swift */,
				EDF777D624684EB100154110 /* SceneDelegate.swift */,
				EDF777DA24684EB400154110 /* Assets.xcassets */,
				EDF777DF24684EB400154110 /* LaunchScreen.storyboard */,
				EDF52F2124817CF200EF5070 /* GoogleService-Info.plist */,
				EDF777E224684EB400154110 /* Info.plist */,
				EDD53A022483B805004EB14F /* Extensions */,
				EDF777DC24684EB400154110 /* Preview Content */,
				EDFF408F24A658CA0008F3E5 /* HostingController.swift */,
			);
			path = PetAdoption;
			sourceTree = "<group>";
		};
		EDF777DC24684EB400154110 /* Preview Content */ = {
			isa = PBXGroup;
			children = (
				EDF777DD24684EB400154110 /* Preview Assets.xcassets */,
			);
			path = "Preview Content";
			sourceTree = "<group>";
		};
/* End PBXGroup section */

/* Begin PBXNativeTarget section */
		EDF777D024684EB100154110 /* PetAdoption */ = {
			isa = PBXNativeTarget;
			buildConfigurationList = EDF777E524684EB400154110 /* Build configuration list for PBXNativeTarget "PetAdoption" */;
			buildPhases = (
				AA83CE93E5224593DC3AECDD /* [CP] Check Pods Manifest.lock */,
				EDF777CD24684EB100154110 /* Sources */,
				EDF777CE24684EB100154110 /* Frameworks */,
				EDF777CF24684EB100154110 /* Resources */,
				363C1215991D26C7754CB236 /* [CP] Embed Pods Frameworks */,
			);
			buildRules = (
			);
			dependencies = (
			);
			name = PetAdoption;
			productName = PetAdoption;
			productReference = EDF777D124684EB100154110 /* PetAdoption.app */;
			productType = "com.apple.product-type.application";
		};
/* End PBXNativeTarget section */

/* Begin PBXProject section */
		EDF777C924684EB100154110 /* Project object */ = {
			isa = PBXProject;
			attributes = {
				LastSwiftUpdateCheck = 1140;
				LastUpgradeCheck = 1140;
				ORGANIZATIONNAME = "Kenny Kurochkin";
				TargetAttributes = {
					EDF777D024684EB100154110 = {
						CreatedOnToolsVersion = 11.4.1;
					};
				};
			};
			buildConfigurationList = EDF777CC24684EB100154110 /* Build configuration list for PBXProject "PetAdoption" */;
			compatibilityVersion = "Xcode 9.3";
			developmentRegion = en;
			hasScannedForEncodings = 0;
			knownRegions = (
				en,
				Base,
			);
			mainGroup = EDF777C824684EB100154110;
			productRefGroup = EDF777D224684EB100154110 /* Products */;
			projectDirPath = "";
			projectRoot = "";
			targets = (
				EDF777D024684EB100154110 /* PetAdoption */,
			);
		};
/* End PBXProject section */

/* Begin PBXResourcesBuildPhase section */
		EDF777CF24684EB100154110 /* Resources */ = {
			isa = PBXResourcesBuildPhase;
			buildActionMask = 2147483647;
			files = (
				EDF777E124684EB400154110 /* LaunchScreen.storyboard in Resources */,
				EDF52F2224817CF200EF5070 /* GoogleService-Info.plist in Resources */,
				EDF777DE24684EB400154110 /* Preview Assets.xcassets in Resources */,
				EDF777DB24684EB400154110 /* Assets.xcassets in Resources */,
			);
			runOnlyForDeploymentPostprocessing = 0;
		};
/* End PBXResourcesBuildPhase section */

/* Begin PBXShellScriptBuildPhase section */
		363C1215991D26C7754CB236 /* [CP] Embed Pods Frameworks */ = {
			isa = PBXShellScriptBuildPhase;
			buildActionMask = 2147483647;
			files = (
			);
			inputFileListPaths = (
				"${PODS_ROOT}/Target Support Files/Pods-PetAdoption/Pods-PetAdoption-frameworks-${CONFIGURATION}-input-files.xcfilelist",
			);
			name = "[CP] Embed Pods Frameworks";
			outputFileListPaths = (
				"${PODS_ROOT}/Target Support Files/Pods-PetAdoption/Pods-PetAdoption-frameworks-${CONFIGURATION}-output-files.xcfilelist",
			);
			runOnlyForDeploymentPostprocessing = 0;
			shellPath = /bin/sh;
			shellScript = "\"${PODS_ROOT}/Target Support Files/Pods-PetAdoption/Pods-PetAdoption-frameworks.sh\"\n";
			showEnvVarsInLog = 0;
		};
		AA83CE93E5224593DC3AECDD /* [CP] Check Pods Manifest.lock */ = {
			isa = PBXShellScriptBuildPhase;
			buildActionMask = 2147483647;
			files = (
			);
			inputFileListPaths = (
			);
			inputPaths = (
				"${PODS_PODFILE_DIR_PATH}/Podfile.lock",
				"${PODS_ROOT}/Manifest.lock",
			);
			name = "[CP] Check Pods Manifest.lock";
			outputFileListPaths = (
			);
			outputPaths = (
				"$(DERIVED_FILE_DIR)/Pods-PetAdoption-checkManifestLockResult.txt",
			);
			runOnlyForDeploymentPostprocessing = 0;
			shellPath = /bin/sh;
			shellScript = "diff \"${PODS_PODFILE_DIR_PATH}/Podfile.lock\" \"${PODS_ROOT}/Manifest.lock\" > /dev/null\nif [ $? != 0 ] ; then\n    # print error to STDERR\n    echo \"error: The sandbox is not in sync with the Podfile.lock. Run 'pod install' or update your CocoaPods installation.\" >&2\n    exit 1\nfi\n# This output is used by Xcode 'outputs' to avoid re-running this script phase.\necho \"SUCCESS\" > \"${SCRIPT_OUTPUT_FILE_0}\"\n";
			showEnvVarsInLog = 0;
		};
/* End PBXShellScriptBuildPhase section */

/* Begin PBXSourcesBuildPhase section */
		EDF777CD24684EB100154110 /* Sources */ = {
			isa = PBXSourcesBuildPhase;
			buildActionMask = 2147483647;
			files = (
				ED3B871A24C5EA08008479F8 /* VerifyEmailView.swift in Sources */,
				ED4CB75424C5DDFF00BF20B2 /* UIApplication.swift in Sources */,
				ED0708F524C20CBB005AD1BB /* SessionStore.swift in Sources */,
				EDFF409024A658CA0008F3E5 /* HostingController.swift in Sources */,
				EDF4CB0E24A71FF900060F37 /* SavedDogsScreen.swift in Sources */,
				EDF777D524684EB100154110 /* AppDelegate.swift in Sources */,
				EDD53A062483B88D004EB14F /* Array.swift in Sources */,
				ED0708F724C20F76005AD1BB /* LoginScreen.swift in Sources */,
				ED3B871C24C5EA3B008479F8 /* SignInView.swift in Sources */,
				ED84EC5824B0B26A00E25B2F /* SavedCard.swift in Sources */,
				ED781B2024C025080045F1DE /* CheckboxField.swift in Sources */,
				ED95BCEB24B7690000C88716 /* SettingsView.swift in Sources */,
				EDFF76C724C3679600BD256B /* PostNewDog.swift in Sources */,
				ED8B167224994BB300AF7B33 /* Color.swift in Sources */,
				ED84EC5424B09F8000E25B2F /* LocalDB.swift in Sources */,
				ED825A382478185C00ACA8E6 /* Dog.swift in Sources */,
				ED84EC5624B0A79900E25B2F /* SavedDogsVM.swift in Sources */,
				ED8B167624994C7100AF7B33 /* CircleButtonStyle.swift in Sources */,
				ED3B871824C5E9E1008479F8 /* SignUpView.swift in Sources */,
				ED8B167424994BF000AF7B33 /* LinearGradient.swift in Sources */,
				ED5BAEA424CB62F100536E7B /* ErrorTranslater.swift in Sources */,
				ED5A628024770AF70081DF00 /* MainVM.swift in Sources */,
				EDF777D724684EB100154110 /* SceneDelegate.swift in Sources */,
				EDF94DED247E3C2E0094F5B6 /* BackCard.swift in Sources */,
				ED44E24524A265F900B77D3D /* BarButtons.swift in Sources */,
				EDD53A042483B856004EB14F /* URLSession.swift in Sources */,
				EDF777D924684EB100154110 /* MainScreen.swift in Sources */,
				ED781B1D24BF34380045F1DE /* Settings.swift in Sources */,
				EDDB49E1247708250068026C /* ImageLoader.swift in Sources */,
				ED49A37B2476DBEF00A87257 /* Card.swift in Sources */,
			);
			runOnlyForDeploymentPostprocessing = 0;
		};
/* End PBXSourcesBuildPhase section */

/* Begin PBXVariantGroup section */
		EDF777DF24684EB400154110 /* LaunchScreen.storyboard */ = {
			isa = PBXVariantGroup;
			children = (
				EDF777E024684EB400154110 /* Base */,
			);
			name = LaunchScreen.storyboard;
			sourceTree = "<group>";
		};
/* End PBXVariantGroup section */

/* Begin XCBuildConfiguration section */
		EDF777E324684EB400154110 /* Debug */ = {
			isa = XCBuildConfiguration;
			buildSettings = {
				ALWAYS_SEARCH_USER_PATHS = NO;
				CLANG_ANALYZER_NONNULL = YES;
				CLANG_ANALYZER_NUMBER_OBJECT_CONVERSION = YES_AGGRESSIVE;
				CLANG_CXX_LANGUAGE_STANDARD = "gnu++14";
				CLANG_CXX_LIBRARY = "libc++";
				CLANG_ENABLE_MODULES = YES;
				CLANG_ENABLE_OBJC_ARC = YES;
				CLANG_ENABLE_OBJC_WEAK = YES;
				CLANG_WARN_BLOCK_CAPTURE_AUTORELEASING = YES;
				CLANG_WARN_BOOL_CONVERSION = YES;
				CLANG_WARN_COMMA = YES;
				CLANG_WARN_CONSTANT_CONVERSION = YES;
				CLANG_WARN_DEPRECATED_OBJC_IMPLEMENTATIONS = YES;
				CLANG_WARN_DIRECT_OBJC_ISA_USAGE = YES_ERROR;
				CLANG_WARN_DOCUMENTATION_COMMENTS = YES;
				CLANG_WARN_EMPTY_BODY = YES;
				CLANG_WARN_ENUM_CONVERSION = YES;
				CLANG_WARN_INFINITE_RECURSION = YES;
				CLANG_WARN_INT_CONVERSION = YES;
				CLANG_WARN_NON_LITERAL_NULL_CONVERSION = YES;
				CLANG_WARN_OBJC_IMPLICIT_RETAIN_SELF = YES;
				CLANG_WARN_OBJC_LITERAL_CONVERSION = YES;
				CLANG_WARN_OBJC_ROOT_CLASS = YES_ERROR;
				CLANG_WARN_RANGE_LOOP_ANALYSIS = YES;
				CLANG_WARN_STRICT_PROTOTYPES = YES;
				CLANG_WARN_SUSPICIOUS_MOVE = YES;
				CLANG_WARN_UNGUARDED_AVAILABILITY = YES_AGGRESSIVE;
				CLANG_WARN_UNREACHABLE_CODE = YES;
				CLANG_WARN__DUPLICATE_METHOD_MATCH = YES;
				COPY_PHASE_STRIP = NO;
				DEBUG_INFORMATION_FORMAT = dwarf;
				ENABLE_STRICT_OBJC_MSGSEND = YES;
				ENABLE_TESTABILITY = YES;
				GCC_C_LANGUAGE_STANDARD = gnu11;
				GCC_DYNAMIC_NO_PIC = NO;
				GCC_NO_COMMON_BLOCKS = YES;
				GCC_OPTIMIZATION_LEVEL = 0;
				GCC_PREPROCESSOR_DEFINITIONS = (
					"DEBUG=1",
					"$(inherited)",
				);
				GCC_WARN_64_TO_32_BIT_CONVERSION = YES;
				GCC_WARN_ABOUT_RETURN_TYPE = YES_ERROR;
				GCC_WARN_UNDECLARED_SELECTOR = YES;
				GCC_WARN_UNINITIALIZED_AUTOS = YES_AGGRESSIVE;
				GCC_WARN_UNUSED_FUNCTION = YES;
				GCC_WARN_UNUSED_VARIABLE = YES;
				IPHONEOS_DEPLOYMENT_TARGET = 13.4;
				MTL_ENABLE_DEBUG_INFO = INCLUDE_SOURCE;
				MTL_FAST_MATH = YES;
				ONLY_ACTIVE_ARCH = YES;
				SDKROOT = iphoneos;
				SWIFT_ACTIVE_COMPILATION_CONDITIONS = DEBUG;
				SWIFT_OPTIMIZATION_LEVEL = "-Onone";
			};
			name = Debug;
		};
		EDF777E424684EB400154110 /* Release */ = {
			isa = XCBuildConfiguration;
			buildSettings = {
				ALWAYS_SEARCH_USER_PATHS = NO;
				CLANG_ANALYZER_NONNULL = YES;
				CLANG_ANALYZER_NUMBER_OBJECT_CONVERSION = YES_AGGRESSIVE;
				CLANG_CXX_LANGUAGE_STANDARD = "gnu++14";
				CLANG_CXX_LIBRARY = "libc++";
				CLANG_ENABLE_MODULES = YES;
				CLANG_ENABLE_OBJC_ARC = YES;
				CLANG_ENABLE_OBJC_WEAK = YES;
				CLANG_WARN_BLOCK_CAPTURE_AUTORELEASING = YES;
				CLANG_WARN_BOOL_CONVERSION = YES;
				CLANG_WARN_COMMA = YES;
				CLANG_WARN_CONSTANT_CONVERSION = YES;
				CLANG_WARN_DEPRECATED_OBJC_IMPLEMENTATIONS = YES;
				CLANG_WARN_DIRECT_OBJC_ISA_USAGE = YES_ERROR;
				CLANG_WARN_DOCUMENTATION_COMMENTS = YES;
				CLANG_WARN_EMPTY_BODY = YES;
				CLANG_WARN_ENUM_CONVERSION = YES;
				CLANG_WARN_INFINITE_RECURSION = YES;
				CLANG_WARN_INT_CONVERSION = YES;
				CLANG_WARN_NON_LITERAL_NULL_CONVERSION = YES;
				CLANG_WARN_OBJC_IMPLICIT_RETAIN_SELF = YES;
				CLANG_WARN_OBJC_LITERAL_CONVERSION = YES;
				CLANG_WARN_OBJC_ROOT_CLASS = YES_ERROR;
				CLANG_WARN_RANGE_LOOP_ANALYSIS = YES;
				CLANG_WARN_STRICT_PROTOTYPES = YES;
				CLANG_WARN_SUSPICIOUS_MOVE = YES;
				CLANG_WARN_UNGUARDED_AVAILABILITY = YES_AGGRESSIVE;
				CLANG_WARN_UNREACHABLE_CODE = YES;
				CLANG_WARN__DUPLICATE_METHOD_MATCH = YES;
				COPY_PHASE_STRIP = NO;
				DEBUG_INFORMATION_FORMAT = "dwarf-with-dsym";
				ENABLE_NS_ASSERTIONS = NO;
				ENABLE_STRICT_OBJC_MSGSEND = YES;
				GCC_C_LANGUAGE_STANDARD = gnu11;
				GCC_NO_COMMON_BLOCKS = YES;
				GCC_WARN_64_TO_32_BIT_CONVERSION = YES;
				GCC_WARN_ABOUT_RETURN_TYPE = YES_ERROR;
				GCC_WARN_UNDECLARED_SELECTOR = YES;
				GCC_WARN_UNINITIALIZED_AUTOS = YES_AGGRESSIVE;
				GCC_WARN_UNUSED_FUNCTION = YES;
				GCC_WARN_UNUSED_VARIABLE = YES;
				IPHONEOS_DEPLOYMENT_TARGET = 13.4;
				MTL_ENABLE_DEBUG_INFO = NO;
				MTL_FAST_MATH = YES;
				SDKROOT = iphoneos;
				SWIFT_COMPILATION_MODE = wholemodule;
				SWIFT_OPTIMIZATION_LEVEL = "-O";
				VALIDATE_PRODUCT = YES;
			};
			name = Release;
		};
		EDF777E624684EB400154110 /* Debug */ = {
			isa = XCBuildConfiguration;
			baseConfigurationReference = 67FB5269D49CC4303E90B581 /* Pods-PetAdoption.debug.xcconfig */;
			buildSettings = {
				ASSETCATALOG_COMPILER_APPICON_NAME = AppIcon;
				CODE_SIGN_STYLE = Automatic;
				DEVELOPMENT_ASSET_PATHS = "\"PetAdoption/Preview Content\"";
				DEVELOPMENT_TEAM = P48CFDDSN2;
				ENABLE_PREVIEWS = YES;
				INFOPLIST_FILE = PetAdoption/Info.plist;
				LD_RUNPATH_SEARCH_PATHS = (
					"$(inherited)",
					"@executable_path/Frameworks",
				);
				PRODUCT_BUNDLE_IDENTIFIER = kenny.PetAdoption;
				PRODUCT_NAME = "$(TARGET_NAME)";
				SWIFT_VERSION = 5.0;
				TARGETED_DEVICE_FAMILY = "1,2";
			};
			name = Debug;
		};
		EDF777E724684EB400154110 /* Release */ = {
			isa = XCBuildConfiguration;
			baseConfigurationReference = EBA9FDD9453FF6AA2833B046 /* Pods-PetAdoption.release.xcconfig */;
			buildSettings = {
				ASSETCATALOG_COMPILER_APPICON_NAME = AppIcon;
				CODE_SIGN_STYLE = Automatic;
				DEVELOPMENT_ASSET_PATHS = "\"PetAdoption/Preview Content\"";
				DEVELOPMENT_TEAM = P48CFDDSN2;
				ENABLE_PREVIEWS = YES;
				INFOPLIST_FILE = PetAdoption/Info.plist;
				LD_RUNPATH_SEARCH_PATHS = (
					"$(inherited)",
					"@executable_path/Frameworks",
				);
				PRODUCT_BUNDLE_IDENTIFIER = kenny.PetAdoption;
				PRODUCT_NAME = "$(TARGET_NAME)";
				SWIFT_VERSION = 5.0;
				TARGETED_DEVICE_FAMILY = "1,2";
			};
			name = Release;
		};
/* End XCBuildConfiguration section */

/* Begin XCConfigurationList section */
		EDF777CC24684EB100154110 /* Build configuration list for PBXProject "PetAdoption" */ = {
			isa = XCConfigurationList;
			buildConfigurations = (
				EDF777E324684EB400154110 /* Debug */,
				EDF777E424684EB400154110 /* Release */,
			);
			defaultConfigurationIsVisible = 0;
			defaultConfigurationName = Release;
		};
		EDF777E524684EB400154110 /* Build configuration list for PBXNativeTarget "PetAdoption" */ = {
			isa = XCConfigurationList;
			buildConfigurations = (
				EDF777E624684EB400154110 /* Debug */,
				EDF777E724684EB400154110 /* Release */,
			);
			defaultConfigurationIsVisible = 0;
			defaultConfigurationName = Release;
		};
/* End XCConfigurationList section */
	};
	rootObject = EDF777C924684EB100154110 /* Project object */;
}
